// !$*UTF8*$!
{
	archiveVersion = 1;
	classes = {
	};
	objectVersion = 55;
	objects = {

/* Begin PBXBuildFile section */
		12E0CF312791E91E00E77F15 /* main.cpp in Sources */ = {isa = PBXBuildFile; fileRef = 12E0CF302791E91E00E77F15 /* main.cpp */; };
		12E0CF6B2791F4B900E77F15 /* libopenh264.a in Frameworks */ = {isa = PBXBuildFile; fileRef = 12E0CF6A2791F4B900E77F15 /* libopenh264.a */; };
		12E0CF6D2791FB3500E77F15 /* main.cpp in Sources */ = {isa = PBXBuildFile; fileRef = 12E0CF6C2791FB3500E77F15 /* main.cpp */; };
/* End PBXBuildFile section */

/* Begin PBXCopyFilesBuildPhase section */
		12E0CF2B2791E91E00E77F15 /* CopyFiles */ = {
			isa = PBXCopyFilesBuildPhase;
			buildActionMask = 2147483647;
			dstPath = /usr/share/man/man1/;
			dstSubfolderSpec = 0;
			files = (
			);
			runOnlyForDeploymentPostprocessing = 1;
		};
		12E0CF3B2791EED100E77F15 /* CopyFiles */ = {
			isa = PBXCopyFilesBuildPhase;
			buildActionMask = 2147483647;
			dstPath = /usr/share/man/man1/;
			dstSubfolderSpec = 0;
			files = (
			);
			runOnlyForDeploymentPostprocessing = 1;
		};
/* End PBXCopyFilesBuildPhase section */

/* Begin PBXFileReference section */
		12E0CF2D2791E91E00E77F15 /* macOS */ = {isa = PBXFileReference; explicitFileType = "compiled.mach-o.executable"; includeInIndex = 0; path = macOS; sourceTree = BUILT_PRODUCTS_DIR; };
		12E0CF302791E91E00E77F15 /* main.cpp */ = {isa = PBXFileReference; lastKnownFileType = sourcecode.cpp.cpp; path = main.cpp; sourceTree = "<group>"; };
		12E0CF3D2791EED100E77F15 /* dec */ = {isa = PBXFileReference; explicitFileType = "compiled.mach-o.executable"; includeInIndex = 0; path = dec; sourceTree = BUILT_PRODUCTS_DIR; };
		12E0CF462791EF3100E77F15 /* codec_api.h */ = {isa = PBXFileReference; lastKnownFileType = sourcecode.c.h; name = codec_api.h; path = ../codec/api/svc/codec_api.h; sourceTree = "<group>"; };
		12E0CF472791EF4100E77F15 /* codec_def.h */ = {isa = PBXFileReference; lastKnownFileType = sourcecode.c.h; name = codec_def.h; path = ../codec/api/svc/codec_def.h; sourceTree = "<group>"; };
		12E0CF482791EF4600E77F15 /* codec_app_def.h */ = {isa = PBXFileReference; lastKnownFileType = sourcecode.c.h; name = codec_app_def.h; path = ../codec/api/svc/codec_app_def.h; sourceTree = "<group>"; };
		12E0CF492791EF7200E77F15 /* read_config.h */ = {isa = PBXFileReference; lastKnownFileType = sourcecode.c.h; name = read_config.h; path = ../codec/console/common/inc/read_config.h; sourceTree = "<group>"; };
		12E0CF4A2791EF9100E77F15 /* typedefs.h */ = {isa = PBXFileReference; lastKnownFileType = sourcecode.c.h; name = typedefs.h; path = ../codec/common/inc/typedefs.h; sourceTree = "<group>"; };
		12E0CF4B2791EF9800E77F15 /* measure_time.h */ = {isa = PBXFileReference; lastKnownFileType = sourcecode.c.h; name = measure_time.h; path = ../codec/common/inc/measure_time.h; sourceTree = "<group>"; };
		12E0CF4C2791EFB000E77F15 /* d3d9_utils.h */ = {isa = PBXFileReference; lastKnownFileType = sourcecode.c.h; name = d3d9_utils.h; path = ../codec/console/dec/inc/d3d9_utils.h; sourceTree = "<group>"; };
		12E0CF672791F0F000E77F15 /* dec.entitlements */ = {isa = PBXFileReference; lastKnownFileType = text.plist.entitlements; path = dec.entitlements; sourceTree = "<group>"; };
		12E0CF6A2791F4B900E77F15 /* libopenh264.a */ = {isa = PBXFileReference; lastKnownFileType = archive.ar; name = libopenh264.a; path = ../libopenh264.a; sourceTree = "<group>"; };
		12E0CF6C2791FB3500E77F15 /* main.cpp */ = {isa = PBXFileReference; fileEncoding = 4; lastKnownFileType = sourcecode.cpp.cpp; path = main.cpp; sourceTree = "<group>"; };
/* End PBXFileReference section */

/* Begin PBXFrameworksBuildPhase section */
		12E0CF2A2791E91E00E77F15 /* Frameworks */ = {
			isa = PBXFrameworksBuildPhase;
			buildActionMask = 2147483647;
			files = (
			);
			runOnlyForDeploymentPostprocessing = 0;
		};
		12E0CF3A2791EED100E77F15 /* Frameworks */ = {
			isa = PBXFrameworksBuildPhase;
			buildActionMask = 2147483647;
			files = (
				12E0CF6B2791F4B900E77F15 /* libopenh264.a in Frameworks */,
			);
			runOnlyForDeploymentPostprocessing = 0;
		};
/* End PBXFrameworksBuildPhase section */

/* Begin PBXGroup section */
		12E0CF242791E91E00E77F15 = {
			isa = PBXGroup;
			children = (
				12E0CF462791EF3100E77F15 /* codec_api.h */,
				12E0CF482791EF4600E77F15 /* codec_app_def.h */,
				12E0CF472791EF4100E77F15 /* codec_def.h */,
				12E0CF492791EF7200E77F15 /* read_config.h */,
				12E0CF4A2791EF9100E77F15 /* typedefs.h */,
				12E0CF4B2791EF9800E77F15 /* measure_time.h */,
				12E0CF4C2791EFB000E77F15 /* d3d9_utils.h */,
				12E0CF6A2791F4B900E77F15 /* libopenh264.a */,
				12E0CF2F2791E91E00E77F15 /* macOS */,
				12E0CF3E2791EED100E77F15 /* dec */,
				12E0CF2E2791E91E00E77F15 /* Products */,
			);
			sourceTree = "<group>";
		};
		12E0CF2E2791E91E00E77F15 /* Products */ = {
			isa = PBXGroup;
			children = (
				12E0CF2D2791E91E00E77F15 /* macOS */,
				12E0CF3D2791EED100E77F15 /* dec */,
			);
			name = Products;
			sourceTree = "<group>";
		};
		12E0CF2F2791E91E00E77F15 /* macOS */ = {
			isa = PBXGroup;
			children = (
				12E0CF302791E91E00E77F15 /* main.cpp */,
			);
			path = macOS;
			sourceTree = "<group>";
		};
		12E0CF3E2791EED100E77F15 /* dec */ = {
			isa = PBXGroup;
			children = (
				12E0CF672791F0F000E77F15 /* dec.entitlements */,
				12E0CF6C2791FB3500E77F15 /* main.cpp */,
			);
			path = dec;
			sourceTree = "<group>";
		};
/* End PBXGroup section */

/* Begin PBXNativeTarget section */
		12E0CF2C2791E91E00E77F15 /* macOS */ = {
			isa = PBXNativeTarget;
			buildConfigurationList = 12E0CF342791E91E00E77F15 /* Build configuration list for PBXNativeTarget "macOS" */;
			buildPhases = (
				12E0CF292791E91E00E77F15 /* Sources */,
				12E0CF2A2791E91E00E77F15 /* Frameworks */,
				12E0CF2B2791E91E00E77F15 /* CopyFiles */,
			);
			buildRules = (
			);
			dependencies = (
			);
			name = macOS;
			productName = macOS;
			productReference = 12E0CF2D2791E91E00E77F15 /* macOS */;
			productType = "com.apple.product-type.tool";
		};
		12E0CF3C2791EED100E77F15 /* dec */ = {
			isa = PBXNativeTarget;
			buildConfigurationList = 12E0CF412791EED100E77F15 /* Build configuration list for PBXNativeTarget "dec" */;
			buildPhases = (
				12E0CF392791EED100E77F15 /* Sources */,
				12E0CF3A2791EED100E77F15 /* Frameworks */,
				12E0CF3B2791EED100E77F15 /* CopyFiles */,
			);
			buildRules = (
			);
			dependencies = (
			);
			name = dec;
			productName = dec;
			productReference = 12E0CF3D2791EED100E77F15 /* dec */;
			productType = "com.apple.product-type.tool";
		};
/* End PBXNativeTarget section */

/* Begin PBXProject section */
		12E0CF252791E91E00E77F15 /* Project object */ = {
			isa = PBXProject;
			attributes = {
				BuildIndependentTargetsInParallel = 1;
				LastUpgradeCheck = 1320;
				TargetAttributes = {
					12E0CF2C2791E91E00E77F15 = {
						CreatedOnToolsVersion = 13.2.1;
					};
					12E0CF3C2791EED100E77F15 = {
						CreatedOnToolsVersion = 13.2.1;
					};
				};
			};
			buildConfigurationList = 12E0CF282791E91E00E77F15 /* Build configuration list for PBXProject "macOS" */;
			compatibilityVersion = "Xcode 13.0";
			developmentRegion = en;
			hasScannedForEncodings = 0;
			knownRegions = (
				en,
				Base,
			);
			mainGroup = 12E0CF242791E91E00E77F15;
			productRefGroup = 12E0CF2E2791E91E00E77F15 /* Products */;
			projectDirPath = "";
			projectRoot = "";
			targets = (
				12E0CF2C2791E91E00E77F15 /* macOS */,
				12E0CF3C2791EED100E77F15 /* dec */,
			);
		};
/* End PBXProject section */

/* Begin PBXSourcesBuildPhase section */
		12E0CF292791E91E00E77F15 /* Sources */ = {
			isa = PBXSourcesBuildPhase;
			buildActionMask = 2147483647;
			files = (
				12E0CF312791E91E00E77F15 /* main.cpp in Sources */,
			);
			runOnlyForDeploymentPostprocessing = 0;
		};
		12E0CF392791EED100E77F15 /* Sources */ = {
			isa = PBXSourcesBuildPhase;
			buildActionMask = 2147483647;
			files = (
				12E0CF6D2791FB3500E77F15 /* main.cpp in Sources */,
			);
			runOnlyForDeploymentPostprocessing = 0;
		};
/* End PBXSourcesBuildPhase section */

/* Begin XCBuildConfiguration section */
		12E0CF322791E91E00E77F15 /* Debug */ = {
			isa = XCBuildConfiguration;
			buildSettings = {
				ALWAYS_SEARCH_USER_PATHS = NO;
				CLANG_ANALYZER_NONNULL = YES;
				CLANG_ANALYZER_NUMBER_OBJECT_CONVERSION = YES_AGGRESSIVE;
				CLANG_CXX_LANGUAGE_STANDARD = "gnu++17";
				CLANG_CXX_LIBRARY = "libc++";
				CLANG_ENABLE_MODULES = YES;
				CLANG_ENABLE_OBJC_ARC = YES;
				CLANG_ENABLE_OBJC_WEAK = YES;
				CLANG_WARN_BLOCK_CAPTURE_AUTORELEASING = YES;
				CLANG_WARN_BOOL_CONVERSION = YES;
				CLANG_WARN_COMMA = YES;
				CLANG_WARN_CONSTANT_CONVERSION = YES;
				CLANG_WARN_DEPRECATED_OBJC_IMPLEMENTATIONS = YES;
				CLANG_WARN_DIRECT_OBJC_ISA_USAGE = YES_ERROR;
				CLANG_WARN_DOCUMENTATION_COMMENTS = YES;
				CLANG_WARN_EMPTY_BODY = YES;
				CLANG_WARN_ENUM_CONVERSION = YES;
				CLANG_WARN_INFINITE_RECURSION = YES;
				CLANG_WARN_INT_CONVERSION = YES;
				CLANG_WARN_NON_LITERAL_NULL_CONVERSION = YES;
				CLANG_WARN_OBJC_IMPLICIT_RETAIN_SELF = YES;
				CLANG_WARN_OBJC_LITERAL_CONVERSION = YES;
				CLANG_WARN_OBJC_ROOT_CLASS = YES_ERROR;
				CLANG_WARN_QUOTED_INCLUDE_IN_FRAMEWORK_HEADER = YES;
				CLANG_WARN_RANGE_LOOP_ANALYSIS = YES;
				CLANG_WARN_STRICT_PROTOTYPES = YES;
				CLANG_WARN_SUSPICIOUS_MOVE = YES;
				CLANG_WARN_UNGUARDED_AVAILABILITY = YES_AGGRESSIVE;
				CLANG_WARN_UNREACHABLE_CODE = YES;
				CLANG_WARN__DUPLICATE_METHOD_MATCH = YES;
				COPY_PHASE_STRIP = NO;
				DEBUG_INFORMATION_FORMAT = dwarf;
				ENABLE_STRICT_OBJC_MSGSEND = YES;
				ENABLE_TESTABILITY = YES;
				GCC_C_LANGUAGE_STANDARD = gnu11;
				GCC_DYNAMIC_NO_PIC = NO;
				GCC_NO_COMMON_BLOCKS = YES;
				GCC_OPTIMIZATION_LEVEL = 0;
				GCC_PREPROCESSOR_DEFINITIONS = (
					"DEBUG=1",
					"$(inherited)",
				);
				GCC_WARN_64_TO_32_BIT_CONVERSION = YES;
				GCC_WARN_ABOUT_RETURN_TYPE = YES_ERROR;
				GCC_WARN_UNDECLARED_SELECTOR = YES;
				GCC_WARN_UNINITIALIZED_AUTOS = YES_AGGRESSIVE;
				GCC_WARN_UNUSED_FUNCTION = YES;
				GCC_WARN_UNUSED_VARIABLE = YES;
				LIBRARY_SEARCH_PATHS = /Volumes/upStream/openh264;
				MACOSX_DEPLOYMENT_TARGET = 12.0;
				MTL_ENABLE_DEBUG_INFO = INCLUDE_SOURCE;
				MTL_FAST_MATH = YES;
				ONLY_ACTIVE_ARCH = YES;
				SDKROOT = macosx;
			};
			name = Debug;
		};
		12E0CF332791E91E00E77F15 /* Release */ = {
			isa = XCBuildConfiguration;
			buildSettings = {
				ALWAYS_SEARCH_USER_PATHS = NO;
				CLANG_ANALYZER_NONNULL = YES;
				CLANG_ANALYZER_NUMBER_OBJECT_CONVERSION = YES_AGGRESSIVE;
				CLANG_CXX_LANGUAGE_STANDARD = "gnu++17";
				CLANG_CXX_LIBRARY = "libc++";
				CLANG_ENABLE_MODULES = YES;
				CLANG_ENABLE_OBJC_ARC = YES;
				CLANG_ENABLE_OBJC_WEAK = YES;
				CLANG_WARN_BLOCK_CAPTURE_AUTORELEASING = YES;
				CLANG_WARN_BOOL_CONVERSION = YES;
				CLANG_WARN_COMMA = YES;
				CLANG_WARN_CONSTANT_CONVERSION = YES;
				CLANG_WARN_DEPRECATED_OBJC_IMPLEMENTATIONS = YES;
				CLANG_WARN_DIRECT_OBJC_ISA_USAGE = YES_ERROR;
				CLANG_WARN_DOCUMENTATION_COMMENTS = YES;
				CLANG_WARN_EMPTY_BODY = YES;
				CLANG_WARN_ENUM_CONVERSION = YES;
				CLANG_WARN_INFINITE_RECURSION = YES;
				CLANG_WARN_INT_CONVERSION = YES;
				CLANG_WARN_NON_LITERAL_NULL_CONVERSION = YES;
				CLANG_WARN_OBJC_IMPLICIT_RETAIN_SELF = YES;
				CLANG_WARN_OBJC_LITERAL_CONVERSION = YES;
				CLANG_WARN_OBJC_ROOT_CLASS = YES_ERROR;
				CLANG_WARN_QUOTED_INCLUDE_IN_FRAMEWORK_HEADER = YES;
				CLANG_WARN_RANGE_LOOP_ANALYSIS = YES;
				CLANG_WARN_STRICT_PROTOTYPES = YES;
				CLANG_WARN_SUSPICIOUS_MOVE = YES;
				CLANG_WARN_UNGUARDED_AVAILABILITY = YES_AGGRESSIVE;
				CLANG_WARN_UNREACHABLE_CODE = YES;
				CLANG_WARN__DUPLICATE_METHOD_MATCH = YES;
				COPY_PHASE_STRIP = NO;
				DEBUG_INFORMATION_FORMAT = "dwarf-with-dsym";
				ENABLE_NS_ASSERTIONS = NO;
				ENABLE_STRICT_OBJC_MSGSEND = YES;
				GCC_C_LANGUAGE_STANDARD = gnu11;
				GCC_NO_COMMON_BLOCKS = YES;
				GCC_WARN_64_TO_32_BIT_CONVERSION = YES;
				GCC_WARN_ABOUT_RETURN_TYPE = YES_ERROR;
				GCC_WARN_UNDECLARED_SELECTOR = YES;
				GCC_WARN_UNINITIALIZED_AUTOS = YES_AGGRESSIVE;
				GCC_WARN_UNUSED_FUNCTION = YES;
				GCC_WARN_UNUSED_VARIABLE = YES;
				LIBRARY_SEARCH_PATHS = /Volumes/upStream/openh264;
				MACOSX_DEPLOYMENT_TARGET = 12.0;
				MTL_ENABLE_DEBUG_INFO = NO;
				MTL_FAST_MATH = YES;
				SDKROOT = macosx;
			};
			name = Release;
		};
		12E0CF352791E91E00E77F15 /* Debug */ = {
			isa = XCBuildConfiguration;
			buildSettings = {
				CODE_SIGN_STYLE = Automatic;
				DEVELOPMENT_TEAM = 42D35TL6R9;
				ENABLE_HARDENED_RUNTIME = YES;
				PRODUCT_NAME = "$(TARGET_NAME)";
			};
			name = Debug;
		};
		12E0CF362791E91E00E77F15 /* Release */ = {
			isa = XCBuildConfiguration;
			buildSettings = {
				CODE_SIGN_STYLE = Automatic;
				DEVELOPMENT_TEAM = 42D35TL6R9;
				ENABLE_HARDENED_RUNTIME = YES;
				PRODUCT_NAME = "$(TARGET_NAME)";
			};
			name = Release;
		};
		12E0CF422791EED100E77F15 /* Debug */ = {
			isa = XCBuildConfiguration;
			buildSettings = {
				CODE_SIGN_ENTITLEMENTS = dec/dec.entitlements;
				CODE_SIGN_STYLE = Automatic;
				DEVELOPMENT_TEAM = 42D35TL6R9;
				ENABLE_HARDENED_RUNTIME = YES;
				PRODUCT_NAME = "$(TARGET_NAME)";
			};
			name = Debug;
		};
		12E0CF432791EED100E77F15 /* Release */ = {
			isa = XCBuildConfiguration;
			buildSettings = {
				CODE_SIGN_ENTITLEMENTS = dec/dec.entitlements;
				CODE_SIGN_STYLE = Automatic;
				DEVELOPMENT_TEAM = 42D35TL6R9;
				ENABLE_HARDENED_RUNTIME = YES;
				PRODUCT_NAME = "$(TARGET_NAME)";
			};
			name = Release;
		};
/* End XCBuildConfiguration section */

/* Begin XCConfigurationList section */
		12E0CF282791E91E00E77F15 /* Build configuration list for PBXProject "macOS" */ = {
			isa = XCConfigurationList;
			buildConfigurations = (
				12E0CF322791E91E00E77F15 /* Debug */,
				12E0CF332791E91E00E77F15 /* Release */,
			);
			defaultConfigurationIsVisible = 0;
			defaultConfigurationName = Release;
		};
		12E0CF342791E91E00E77F15 /* Build configuration list for PBXNativeTarget "macOS" */ = {
			isa = XCConfigurationList;
			buildConfigurations = (
				12E0CF352791E91E00E77F15 /* Debug */,
				12E0CF362791E91E00E77F15 /* Release */,
			);
			defaultConfigurationIsVisible = 0;
			defaultConfigurationName = Release;
		};
		12E0CF412791EED100E77F15 /* Build configuration list for PBXNativeTarget "dec" */ = {
			isa = XCConfigurationList;
			buildConfigurations = (
				12E0CF422791EED100E77F15 /* Debug */,
				12E0CF432791EED100E77F15 /* Release */,
			);
			defaultConfigurationIsVisible = 0;
			defaultConfigurationName = Release;
		};
/* End XCConfigurationList section */
	};
	rootObject = 12E0CF252791E91E00E77F15 /* Project object */;
}
